{
  "version": 1,
  "dependencies": {
    "net9.0": {
      "coverlet.collector": {
        "type": "Direct",
        "requested": "[6.0.2, )",
        "resolved": "6.0.2",
        "contentHash": "bJShQ6uWRTQ100ZeyiMqcFlhP7WJ+bCuabUs885dJiBEzMsJMSFr7BOyeCw4rgvQokteGi5rKQTlkhfQPUXg2A=="
      },
      "FluentAssertions": {
        "type": "Direct",
        "requested": "[8.10.0, )",
        "resolved": "8.10.0",
        "contentHash": "yGvv+xp0gHFgGwhQcGoDdKIrhLhPi3zYYWWLLHPMctr+G6PWD7QH8L4wqoa5WRZquPbfSV/cP1MraI7ppAHrWw=="
      },
      "Microsoft.AspNetCore.Mvc.Testing": {
        "type": "Direct",
        "requested": "[9.0.19, )",
        "resolved": "9.0.19",
        "contentHash": "EmWeLykeeuCWkLOTCp3ScgZ1DzyCWkbguyA3C7vAHkKqlLTuUp4OU/zVf4iHHfWaAB358swbFU/jg0qOAfcPDg==",
        "dependencies": {
          "Microsoft.AspNetCore.TestHost": "9.0.19",
          "Microsoft.Extensions.DependencyModel": "9.0.19",
          "Microsoft.Extensions.Hosting": "9.0.19"
        }
      },
      "Microsoft.Data.SqlClient": {
        "type": "Direct",
        "requested": "[7.0.2, )",
        "resolved": "7.0.2",
        "contentHash": "zwv76lANFQQI6Gmp6ntkzMWIWVqm8Wf4Mz00AeGCk1n8HCi5afi6bNynSe18uI0xeL0n6J+Myjk9AiIsL5oSqw==",
        "dependencies": {
          "Microsoft.Bcl.Cryptography": "9.0.13",
          "Microsoft.Data.SqlClient.Extensions.Abstractions": "[7.0.2, 8.0.0)",
          "Microsoft.Data.SqlClient.Internal.Logging": "[7.0.2, 8.0.0)",
          "Microsoft.Data.SqlClient.SNI.runtime": "[6.0.2, 7.0.0)",
          "Microsoft.Extensions.Caching.Memory": "9.0.13",
          "Microsoft.IdentityModel.JsonWebTokens": "8.16.0",
          "Microsoft.IdentityModel.Protocols.OpenIdConnect": "8.16.0",
          "Microsoft.SqlServer.Server": "[1.0.0, 2.0.0)",
          "System.Configuration.ConfigurationManager": "9.0.13",
          "System.Security.Cryptography.Pkcs": "9.0.13"
        }
      },
      "Microsoft.NET.Test.Sdk": {
        "type": "Direct",
        "requested": "[17.12.0, )",
        "resolved": "17.12.0",
        "contentHash": "kt/PKBZ91rFCWxVIJZSgVLk+YR+4KxTuHf799ho8WNiK5ZQpJNAEZCAWX86vcKrs+DiYjiibpYKdGZP6+/N17w==",
        "dependencies": {
          "Microsoft.CodeCoverage": "17.12.0",
          "Microsoft.TestPlatform.TestHost": "17.12.0"
        }
      },
      "xunit": {
        "type": "Direct",
        "requested": "[2.9.2, )",
        "resolved": "2.9.2",
        "contentHash": "7LhFS2N9Z6Xgg8aE5lY95cneYivRMfRI8v+4PATa4S64D5Z/Plkg0qa8dTRHSiGRgVZ/CL2gEfJDE5AUhOX+2Q==",
        "dependencies": {
          "xunit.analyzers": "1.16.0",
          "xunit.assert": "2.9.2",
          "xunit.core": "[2.9.2]"
        }
      },
      "xunit.runner.visualstudio": {
        "type": "Direct",
        "requested": "[2.8.2, )",
        "resolved": "2.8.2",
        "contentHash": "vm1tbfXhFmjFMUmS4M0J0ASXz3/U5XvXBa6DOQUL3fEz4Vt6YPhv+ESCarx6M6D+9kJkJYZKCNvJMas1+nVfmQ=="
      },
      "Microsoft.AspNetCore.Authentication.JwtBearer": {
        "type": "Transitive",
        "resolved": "9.0.19",
        "contentHash": "c2KIr07yVM9pKTb4MEQ/4Mm5o/8hIvDfyCCeou3+DisnQdE4hm9Lh9isQhCBNIX3m1EwW3VxaX9RlYWp87g1kQ==",
        "dependencies": {
          "Microsoft.IdentityModel.Protocols.OpenIdConnect": "8.19.2"
        }
      },
      "Microsoft.AspNetCore.TestHost": {
        "type": "Transitive",
        "resolved": "9.0.19",
        "contentHash": "fN2jyuw1OZM7cUuW7mDwJ6hd+asdkzesJxQHFZmOvSBdUqFOi/wTYhEXAIoWKHDRWcN7JEAbn8GPoC1wPE1AUQ=="
      },
      "Microsoft.Bcl.Cryptography": {
        "type": "Transitive",
        "resolved": "10.0.2",
        "contentHash": "LG9Yll3B5aNpxv0+D47g6LiOiKBIlodhcHdQwcYzo8VeexFLGqx5ymetmA2aBRyo9cCcWsQWrFsdbsr8LvmWDw=="
      },
      "Microsoft.CodeCoverage": {
        "type": "Transitive",
        "resolved": "17.12.0",
        "contentHash": "4svMznBd5JM21JIG2xZKGNanAHNXplxf/kQDFfLHXQ3OnpJkayRK/TjacFjA+EYmoyuNXHo/sOETEfcYtAzIrA=="
      },
      "Microsoft.Data.SqlClient.Extensions.Abstractions": {
        "type": "Transitive",
        "resolved": "7.0.2",
        "contentHash": "Zx7z61fG2Nc6LdDn4jA7b5Aj1ABrljkOPRE31RvVUdjF6IgbG60leDUhMCafsnWFgaheiK3iqpLe+kbf5Z5L8Q==",
        "dependencies": {
          "Microsoft.Data.SqlClient.Internal.Logging": "[7.0.2, 8.0.0)"
        }
      },
      "Microsoft.Data.SqlClient.Internal.Logging": {
        "type": "Transitive",
        "resolved": "7.0.2",
        "contentHash": "iqgYBbGSVy/DIYWjzmQOa964Kn4rs4wW5vg2IamqVK0fQqfTiILVR5hMK27XWqoyONtAZs+VxH354cPJBtSnbg=="
      },
      "Microsoft.Data.SqlClient.SNI.runtime": {
        "type": "Transitive",
        "resolved": "6.0.2",
        "contentHash": "f+pRODTWX7Y67jXO3T5S2dIPZ9qMJNySjlZT/TKmWVNWe19N8jcWmHaqHnnchaq3gxEKv1SWVY5EFzOD06l41w=="
      },
      "Microsoft.Extensions.ApiDescription.Server": {
        "type": "Transitive",
        "resolved": "6.0.5",
        "contentHash": "Ckb5EDBUNJdFWyajfXzUIMRkhf52fHZOQuuZg/oiu8y7zDCVwD0iHhew6MnThjHmevanpxL3f5ci2TtHQEN6bw=="
      },
      "Microsoft.Extensions.Caching.Abstractions": {
        "type": "Transitive",
        "resolved": "9.0.13",
        "contentHash": "nTT90JYIpcXEy6fcU8LPVycONkO6wipROgP9pyC4uxBif4fazu2rDzlWSntqtzr5p8GbQL2EopsYuTZR3yoeag==",
        "dependencies": {
          "Microsoft.Extensions.Primitives": "9.0.13"
        }
      },
      "Microsoft.Extensions.Caching.Memory": {
        "type": "Transitive",
        "resolved": "9.0.13",
        "contentHash": "OdQmN8LYcUEu20Fxii9mk68nHJGL+JPXF3w0+hxenf0oDDdDBA+ZV/S92FmIgAWAElowIiFA/g0x+8YB1g80Hg==",
        "dependencies": {
          "Microsoft.Extensions.Caching.Abstractions": "9.0.13",
          "Microsoft.Extensions.DependencyInjection.Abstractions": "9.0.13",
          "Microsoft.Extensions.Logging.Abstractions": "9.0.13",
          "Microsoft.Extensions.Options": "9.0.13",
          "Microsoft.Extensions.Primitives": "9.0.13"
        }
      },
      "Microsoft.Extensions.Configuration": {
        "type": "Transitive",
        "resolved": "10.0.11",
        "contentHash": "wlhRqZW8LcJPa+vk2oLAc/REXDItHtkFQdf/QcXYGZbZOO13izcsKY1pCvuFQYwUiZD+hwSZwsKASjqT+BNaVg==",
        "dependencies": {
          "Microsoft.Extensions.Configuration.Abstractions": "10.0.11",
          "Microsoft.Extensions.Primitives": "10.0.11"
        }
      },
      "Microsoft.Extensions.Configuration.Abstractions": {
        "type": "Transitive",
        "resolved": "10.0.11",
        "contentHash": "fVi053xdpda9Em7vSkmgVxO/PtgC2m78ekReKWsgcyskqY0U82Bz/MONwxpGzI0hElYKJfw+fupqMVeKW3fSaA==",
        "dependencies": {
          "Microsoft.Extensions.Primitives": "10.0.11"
        }
      },
      "Microsoft.Extensions.Configuration.Binder": {
        "type": "Transitive",
        "resolved": "10.0.11",
        "contentHash": "rFn8RuszZn3qquPVkDytMUlPc2+rXl9MCoygwc1XmAgC5vg5/oXJ8hkOosOrLoBLsqdTy4lFwP6iQdPS9uSYOA==",
        "dependencies": {
          "Microsoft.Extensions.Configuration": "10.0.11",
          "Microsoft.Extensions.Configuration.Abstractions": "10.0.11"
        }
      },
      "Microsoft.Extensions.Configuration.CommandLine": {
        "type": "Transitive",
        "resolved": "9.0.19",
        "contentHash": "Qsq1Ga67FS2bC7+8NrlIuv9KI/osnBAZHOxYR/RpNPqWYZZiGwY2kgoFPlVKnU+YBLysT1FOkwsttEsIrdSJXw==",
        "dependencies": {
          "Microsoft.Extensions.Configuration": "9.0.19",
          "Microsoft.Extensions.Configuration.Abstractions": "9.0.19"
        }
      },
      "Microsoft.Extensions.Configuration.EnvironmentVariables": {
        "type": "Transitive",
        "resolved": "9.0.19",
        "contentHash": "wx683QPEE1ZNiy+Jf9ClP+Gmu9YMlMSRXlxpYxgl1yRnbOrjkn8axMlJG/HNhbdzulsVXLpLm7nnnyqrAjDRKw==",
        "dependencies": {
          "Microsoft.Extensions.Configuration": "9.0.19",
          "Microsoft.Extensions.Configuration.Abstractions": "9.0.19"
        }
      },
      "Microsoft.Extensions.Configuration.FileExtensions": {
        "type": "Transitive",
        "resolved": "9.0.19",
        "contentHash": "dkvxLAVhsdftHRdddMYj6gTCbbPYFiqeC+IMViwfIBKgkrAi6We+iRqBZbRQ6ioZxRvO4oc5Z7oybNKFIzKq0g==",
        "dependencies": {
          "Microsoft.Extensions.Configuration": "9.0.19",
          "Microsoft.Extensions.Configuration.Abstractions": "9.0.19",
          "Microsoft.Extensions.FileProviders.Abstractions": "9.0.19",
          "Microsoft.Extensions.FileProviders.Physical": "9.0.19",
          "Microsoft.Extensions.Primitives": "9.0.19"
        }
      },
      "Microsoft.Extensions.Configuration.Json": {
        "type": "Transitive",
        "resolved": "9.0.19",
        "contentHash": "9GWL9luynoimizIJtlI8e2g9YcxlR5hJrzCB710i8BYIpK5cO3hD8QFlLDLB5z15weNHAhgyJ1YPgxpAz/8xpA==",
        "dependencies": {
          "Microsoft.Extensions.Configuration": "9.0.19",
          "Microsoft.Extensions.Configuration.Abstractions": "9.0.19",
          "Microsoft.Extensions.Configuration.FileExtensions": "9.0.19",
          "Microsoft.Extensions.FileProviders.Abstractions": "9.0.19"
        }
      },
      "Microsoft.Extensions.Configuration.UserSecrets": {
        "type": "Transitive",
        "resolved": "9.0.19",
        "contentHash": "yy8KFgzkmRY1MgIoonjJxwCYveu7J5hmM8WYn19Ix3av3B9efQ5OLW8VL1sB5WCJEjWX6ziycNq20FTEgJOljg==",
        "dependencies": {
          "Microsoft.Extensions.Configuration.Abstractions": "9.0.19",
          "Microsoft.Extensions.Configuration.Json": "9.0.19",
          "Microsoft.Extensions.FileProviders.Abstractions": "9.0.19",
          "Microsoft.Extensions.FileProviders.Physical": "9.0.19"
        }
      },
      "Microsoft.Extensions.DependencyInjection": {
        "type": "Transitive",
        "resolved": "10.0.11",
        "contentHash": "PSmotV19c7E3lKed++uYo1kSiXFI+uTl37CBSrhq+CfLC3FCHjG7R91+xPnNehQfHS1b0Tzo/CCLPWH3qaEheg==",
        "dependencies": {
          "Microsoft.Extensions.DependencyInjection.Abstractions": "10.0.11"
        }
      },
      "Microsoft.Extensions.DependencyInjection.Abstractions": {
        "type": "Transitive",
        "resolved": "10.0.11",
        "contentHash": "/a1aJz4m7ylhEDf25ugQChLQoN5XwoGjWw/BoR/ZWWKsO1v4DdJElS1uyngahz4B/eOzjFk1KNTkarRLE5wsIg=="
      },
      "Microsoft.Extensions.DependencyModel": {
        "type": "Transitive",
        "resolved": "9.0.19",
        "contentHash": "Jpe5up2VLMkjKavOXZzWRXBvy8SUPoFCRuVkq1wYrtVwtzuFEc7saw02dltASs5T8DXp6Ff/DPzmU95mDOiw6g=="
      },
      "Microsoft.Extensions.Diagnostics": {
        "type": "Transitive",
        "resolved": "10.0.11",
        "contentHash": "HT70uGPxMLqqnOzKMcnQtDmeV4r0KHr4qVCLhP7SXil9jMEm8sQXwcybxVVFGXZJ1V44xV0mLqQ54aZbcR2OiQ==",
        "dependencies": {
          "Microsoft.Extensions.Configuration": "10.0.11",
          "Microsoft.Extensions.Diagnostics.Abstractions": "10.0.11",
          "Microsoft.Extensions.Options.ConfigurationExtensions": "10.0.11"
        }
      },
      "Microsoft.Extensions.Diagnostics.Abstractions": {
        "type": "Transitive",
        "resolved": "10.0.11",
        "contentHash": "se7Kx8QpJEt+nf26L4qIVAofGTDr1wbexxsh/Fm3Xc04xUkqUXK06KUS7FLwSQYSjqb7q9n+T7MEcXYBhI1Y5g==",
        "dependencies": {
          "Microsoft.Extensions.DependencyInjection.Abstractions": "10.0.11",
          "Microsoft.Extensions.Options": "10.0.11",
          "System.Diagnostics.DiagnosticSource": "10.0.11"
        }
      },
      "Microsoft.Extensions.FileProviders.Abstractions": {
        "type": "Transitive",
        "resolved": "9.0.19",
        "contentHash": "raArfuC+4kERkNxWrlCXO7H+QAk5yUtmNxiymr+ItP5HKQfMjLhQ68zdajqmd5kgwIIUiMpPGIhUpf7t9+cC0w==",
        "dependencies": {
          "Microsoft.Extensions.Primitives": "9.0.19"
        }
      },
      "Microsoft.Extensions.FileProviders.Physical": {
        "type": "Transitive",
        "resolved": "9.0.19",
        "contentHash": "CXY2qbXMR7lLAurrlWfjDLsYyQfnGw2EoX4cYCH7cayqqmp3PcGt4e1AWDHACBj6+ftRUx6V1AqXzb9H7IzerA==",
        "dependencies": {
          "Microsoft.Extensions.FileProviders.Abstractions": "9.0.19",
          "Microsoft.Extensions.FileSystemGlobbing": "9.0.19",
          "Microsoft.Extensions.Primitives": "9.0.19"
        }
      },
      "Microsoft.Extensions.FileSystemGlobbing": {
        "type": "Transitive",
        "resolved": "9.0.19",
        "contentHash": "VSiwgkVzLmV4fvfTMb00dPUHHIp14kXEr0DO/46A/3nxwn2xYXQ1nhKdF6ZrZqBa74jvoFS8GrLyMHtF2DzPLA=="
      },
      "Microsoft.Extensions.Hosting": {
        "type": "Transitive",
        "resolved": "9.0.19",
        "contentHash": "SwKNRn0csgOKD8s3teGqMdJCfy6zKPLVqjTyt4Vj2qtnEKuUs6EjNx2aOpFhqhBrJbVtf/hYndaF+QqxbspDag==",
        "dependencies": {
          "Microsoft.Extensions.Configuration": "9.0.19",
          "Microsoft.Extensions.Configuration.Abstractions": "9.0.19",
          "Microsoft.Extensions.Configuration.Binder": "9.0.19",
          "Microsoft.Extensions.Configuration.CommandLine": "9.0.19",
          "Microsoft.Extensions.Configuration.EnvironmentVariables": "9.0.19",
          "Microsoft.Extensions.Configuration.FileExtensions": "9.0.19",
          "Microsoft.Extensions.Configuration.Json": "9.0.19",
          "Microsoft.Extensions.Configuration.UserSecrets": "9.0.19",
          "Microsoft.Extensions.DependencyInjection": "9.0.19",
          "Microsoft.Extensions.DependencyInjection.Abstractions": "9.0.19",
          "Microsoft.Extensions.Diagnostics": "9.0.19",
          "Microsoft.Extensions.FileProviders.Abstractions": "9.0.19",
          "Microsoft.Extensions.FileProviders.Physical": "9.0.19",
          "Microsoft.Extensions.Hosting.Abstractions": "9.0.19",
          "Microsoft.Extensions.Logging": "9.0.19",
          "Microsoft.Extensions.Logging.Abstractions": "9.0.19",
          "Microsoft.Extensions.Logging.Configuration": "9.0.19",
          "Microsoft.Extensions.Logging.Console": "9.0.19",
          "Microsoft.Extensions.Logging.Debug": "9.0.19",
          "Microsoft.Extensions.Logging.EventLog": "9.0.19",
          "Microsoft.Extensions.Logging.EventSource": "9.0.19",
          "Microsoft.Extensions.Options": "9.0.19"
        }
      },
      "Microsoft.Extensions.Hosting.Abstractions": {
        "type": "Transitive",
        "resolved": "9.0.19",
        "contentHash": "ofGSETl/sUohmCmEUfM4gp+8UI5fyLzCvtbVh2kmaAIefkvrw+yGH5l/aRHzZqdWkRQRDEoGGcrWQhapX8fQiQ==",
        "dependencies": {
          "Microsoft.Extensions.Configuration.Abstractions": "9.0.19",
          "Microsoft.Extensions.DependencyInjection.Abstractions": "9.0.19",
          "Microsoft.Extensions.Diagnostics.Abstractions": "9.0.19",
          "Microsoft.Extensions.FileProviders.Abstractions": "9.0.19",
          "Microsoft.Extensions.Logging.Abstractions": "9.0.19"
        }
      },
      "Microsoft.Extensions.Http": {
        "type": "Transitive",
        "resolved": "10.0.11",
        "contentHash": "ujx8RvcKzkxPFBguwgiygbwWVHVK0P7HFlNJ6I0JBRb28tzwe42jixBoA+dGmqG9IHepPVcm04vv2IDnU93ekA==",
        "dependencies": {
          "Microsoft.Extensions.Configuration.Abstractions": "10.0.11",
          "Microsoft.Extensions.DependencyInjection.Abstractions": "10.0.11",
          "Microsoft.Extensions.Diagnostics": "10.0.11",
          "Microsoft.Extensions.Logging": "10.0.11",
          "Microsoft.Extensions.Logging.Abstractions": "10.0.11",
          "Microsoft.Extensions.Options": "10.0.11"
        }
      },
      "Microsoft.Extensions.Logging": {
        "type": "Transitive",
        "resolved": "10.0.11",
        "contentHash": "nUOJwgFkSiLHiVGFpU22pIJtuWYewuSYQ3JVuP/gdK8ASMT807Px+TYQiRWs6uSsOmoyFTaVCwKXTasczV6BpA==",
        "dependencies": {
          "Microsoft.Extensions.DependencyInjection": "10.0.11",
          "Microsoft.Extensions.Logging.Abstractions": "10.0.11",
          "Microsoft.Extensions.Options": "10.0.11"
        }
      },
      "Microsoft.Extensions.Logging.Abstractions": {
        "type": "Transitive",
        "resolved": "10.0.11",
        "contentHash": "Ljd0Uxoq5XpScD2Bg0nM/r3mwx7Ao5Uq24eo2ARxbGvqJ7Zht6rt2cJtwVRH4Cv+1ZVMdXz6TB43KbpmsxRrvQ==",
        "dependencies": {
          "Microsoft.Extensions.DependencyInjection.Abstractions": "10.0.11",
          "System.Diagnostics.DiagnosticSource": "10.0.11"
        }
      },
      "Microsoft.Extensions.Logging.Configuration": {
        "type": "Transitive",
        "resolved": "9.0.19",
        "contentHash": "69wQmO4RdNOJvSXpwNItiKylvQ4OqvaHcw/ac5v1tbIQnWJhENsNdAZ33p6LlXEfIKgq4DSFukZfiMrl+056uQ==",
        "dependencies": {
          "Microsoft.Extensions.Configuration": "9.0.19",
          "Microsoft.Extensions.Configuration.Abstractions": "9.0.19",
          "Microsoft.Extensions.Configuration.Binder": "9.0.19",
          "Microsoft.Extensions.DependencyInjection.Abstractions": "9.0.19",
          "Microsoft.Extensions.Logging": "9.0.19",
          "Microsoft.Extensions.Logging.Abstractions": "9.0.19",
          "Microsoft.Extensions.Options": "9.0.19",
          "Microsoft.Extensions.Options.ConfigurationExtensions": "9.0.19"
        }
      },
      "Microsoft.Extensions.Logging.Console": {
        "type": "Transitive",
        "resolved": "9.0.19",
        "contentHash": "oQ4lMdzLKgkqAsRG1sx6dqdL2rdZd2Wwr59wJhzweB1/iCPWJeOcdHa82DVQhSY81gCTecsp5WI1l6k6Z9FG4Q==",
        "dependencies": {
          "Microsoft.Extensions.DependencyInjection.Abstractions": "9.0.19",
          "Microsoft.Extensions.Logging": "9.0.19",
          "Microsoft.Extensions.Logging.Abstractions": "9.0.19",
          "Microsoft.Extensions.Logging.Configuration": "9.0.19",
          "Microsoft.Extensions.Options": "9.0.19"
        }
      },
      "Microsoft.Extensions.Logging.Debug": {
        "type": "Transitive",
        "resolved": "9.0.19",
        "contentHash": "YHiytAdfqMRRgACVTUME9Dinez1Xx2n39KD5KiJgjikIgnFtK4Kzd4jzetdP3wbcT+cbZZEAuXXGifA/CQGCsw==",
        "dependencies": {
          "Microsoft.Extensions.DependencyInjection.Abstractions": "9.0.19",
          "Microsoft.Extensions.Logging": "9.0.19",
          "Microsoft.Extensions.Logging.Abstractions": "9.0.19"
        }
      },
      "Microsoft.Extensions.Logging.EventLog": {
        "type": "Transitive",
        "resolved": "9.0.19",
        "contentHash": "u3nt49H1t2Hd4eEapCjiqh2tW6iQ31dtqza3F5d2tl/rCkWfmWbvR84buxl5c0LLM+YC+eT02HMRNo6w89YCrA==",
        "dependencies": {
          "Microsoft.Extensions.DependencyInjection.Abstractions": "9.0.19",
          "Microsoft.Extensions.Logging": "9.0.19",
          "Microsoft.Extensions.Logging.Abstractions": "9.0.19",
          "Microsoft.Extensions.Options": "9.0.19",
          "System.Diagnostics.EventLog": "9.0.19"
        }
      },
      "Microsoft.Extensions.Logging.EventSource": {
        "type": "Transitive",
        "resolved": "9.0.19",
        "contentHash": "NNOIbpsxITbC04QdJ9fLW05KI9vFQOde5YqKMwhMEHssCzHolCWdZVNC9V0FunlsZWCw8RzKRaR4xXAYH9dRjQ==",
        "dependencies": {
          "Microsoft.Extensions.DependencyInjection.Abstractions": "9.0.19",
          "Microsoft.Extensions.Logging": "9.0.19",
          "Microsoft.Extensions.Logging.Abstractions": "9.0.19",
          "Microsoft.Extensions.Options": "9.0.19",
          "Microsoft.Extensions.Primitives": "9.0.19"
        }
      },
      "Microsoft.Extensions.ObjectPool": {
        "type": "Transitive",
        "resolved": "7.0.0",
        "contentHash": "udvKco0sAVgYGTBnHUb0tY9JQzJ/nPDiv/8PIyz69wl1AibeCDZOLVVI+6156dPfHmJH7ws5oUJRiW4ZmAvuuA=="
      },
      "Microsoft.Extensions.Options": {
        "type": "Transitive",
        "resolved": "10.0.11",
        "contentHash": "eY1GAKcTfD2maP27J84X9IovT3yjHJ2dVDzPmDg6/XqYvt3jMzJhtfQCLjG9pVsZGAd+8DQ2QrjaDcs2+VQLGw==",
        "dependencies": {
          "Microsoft.Extensions.DependencyInjection.Abstractions": "10.0.11",
          "Microsoft.Extensions.Primitives": "10.0.11"
        }
      },
      "Microsoft.Extensions.Options.ConfigurationExtensions": {
        "type": "Transitive",
        "resolved": "10.0.11",
        "contentHash": "syEhXQ/sEaSBFaqzlp9gDGHX/nk6gkQkh1sIUpBO1mlBj3Phu1rmb4ML1uCiyPW9N6Kxfxv3y5FGObC+bV01Qw==",
        "dependencies": {
          "Microsoft.Extensions.Configuration.Abstractions": "10.0.11",
          "Microsoft.Extensions.Configuration.Binder": "10.0.11",
          "Microsoft.Extensions.DependencyInjection.Abstractions": "10.0.11",
          "Microsoft.Extensions.Options": "10.0.11",
          "Microsoft.Extensions.Primitives": "10.0.11"
        }
      },
      "Microsoft.Extensions.Primitives": {
        "type": "Transitive",
        "resolved": "10.0.11",
        "contentHash": "SXcz+kF+4Oo9b1+55zntpJFYfwb1jw66ioxptyNOOTDc8g2FHnBFWjZpsWfCvZIhzr0x+4e2trVTs4OKwQfBtw=="
      },
      "Microsoft.IdentityModel.Abstractions": {
        "type": "Transitive",
        "resolved": "8.22.0",
        "contentHash": "LU3V3owsu4vGpCg2kyL7SsQEuHwcoJ8FSNBqzLADzCf3/PcKUTcx5Plsd51DoTJMfK/WigXV/03UhaN5JXE6uQ=="
      },
      "Microsoft.IdentityModel.JsonWebTokens": {
        "type": "Transitive",
        "resolved": "8.22.0",
        "contentHash": "kv6peMLjALZLDAy2H3F77KjVRdwiscn2p/g3ui2chcbuEcAX2MpAbyDcYnJ7Vyh8jZ1aJWrniUMCDWoOgnu4NQ==",
        "dependencies": {
          "Microsoft.IdentityModel.Tokens": "8.22.0"
        }
      },
      "Microsoft.IdentityModel.Logging": {
        "type": "Transitive",
        "resolved": "8.22.0",
        "contentHash": "G9Tl0yXSlr2pkXv4EpXjO16M4q6oo9N/od+gNyOusZ8yM8LZg1H3f/QOMFuOJiV6znzY5MkAREU97JRRnqpEQw==",
        "dependencies": {
          "Microsoft.IdentityModel.Abstractions": "8.22.0"
        }
      },
      "Microsoft.IdentityModel.Protocols": {
        "type": "Transitive",
        "resolved": "8.19.2",
        "contentHash": "sGxSsSrZXNmca6D+jHH2rVRyo2nNRd/g4H9CFbPmLLq0xgoH1U0orLWE5minfijw7+zq49tBs7txenbfAErRoQ==",
        "dependencies": {
          "Microsoft.IdentityModel.Tokens": "8.19.2"
        }
      },
      "Microsoft.IdentityModel.Protocols.OpenIdConnect": {
        "type": "Transitive",
        "resolved": "8.19.2",
        "contentHash": "1XOcyY36cVymzE3qKdzKaUEZ4Pzt7ZpSa14JZoPPK1NLFUkQDs85TCqpV6XDo0YjFXj6nVK00AfOHppjghjhtw==",
        "dependencies": {
          "Microsoft.IdentityModel.Protocols": "8.19.2",
          "System.IdentityModel.Tokens.Jwt": "8.19.2"
        }
      },
      "Microsoft.IdentityModel.Tokens": {
        "type": "Transitive",
        "resolved": "8.22.0",
        "contentHash": "i4lywKKUuVmheCUA+w/q8QNPReNI0qanHI9hhz48AFqD1ljyb8sxPL2RbXOGiPV13XdJ4kxieL9ukS7tD43LxA==",
        "dependencies": {
          "Microsoft.Bcl.Cryptography": "10.0.2",
          "Microsoft.Extensions.Logging.Abstractions": "8.0.0",
          "Microsoft.IdentityModel.Logging": "8.22.0"
        }
      },
      "Microsoft.OpenApi": {
        "type": "Transitive",
        "resolved": "1.6.22",
        "contentHash": "aBvunmrdu/x+4CaA/UP1Jx4xWGwk4kymhoIRnn2Vp+zi5/KOPQJ9EkSXHRUr01WcGKtYl3Au7XfkPJbU1G2sjQ=="
      },
      "Microsoft.SqlServer.Server": {
        "type": "Transitive",
        "resolved": "1.0.0",
        "contentHash": "N4KeF3cpcm1PUHym1RmakkzfkEv3GRMyofVv40uXsQhCQeglr2OHNcUk2WOG51AKpGO8ynGpo9M/kFXSzghwug=="
      },
      "Microsoft.TestPlatform.ObjectModel": {
        "type": "Transitive",
        "resolved": "17.12.0",
        "contentHash": "TDqkTKLfQuAaPcEb3pDDWnh7b3SyZF+/W9OZvWFp6eJCIiiYFdSB6taE2I6tWrFw5ywhzOb6sreoGJTI6m3rSQ==",
        "dependencies": {
          "System.Reflection.Metadata": "1.6.0"
        }
      },
      "Microsoft.TestPlatform.TestHost": {
        "type": "Transitive",
        "resolved": "17.12.0",
        "contentHash": "MiPEJQNyADfwZ4pJNpQex+t9/jOClBGMiCiVVFuELCMSX2nmNfvUor3uFVxNNCg30uxDP8JDYfPnMXQzsfzYyg==",
        "dependencies": {
          "Microsoft.TestPlatform.ObjectModel": "17.12.0",
          "Newtonsoft.Json": "13.0.1"
        }
      },
      "Newtonsoft.Json": {
        "type": "Transitive",
        "resolved": "13.0.1",
        "contentHash": "ppPFpBcvxdsfUonNcvITKqLl3bqxWbDCZIzDWHzjpdAHRFfZe0Dw9HmA0+za13IdyrgJwpkDTDA9fHaxOrt20A=="
      },
      "prometheus-net": {
        "type": "Transitive",
        "resolved": "8.2.1",
        "contentHash": "3wVgdEPOCBF752s2xps5T+VH+c9mJK8S8GKEDg49084P6JZMumTZI5Te6aJ9MQpX0sx7om6JOnBpIi7ZBmmiDQ==",
        "dependencies": {
          "Microsoft.Extensions.Http": "3.1.0",
          "Microsoft.Extensions.ObjectPool": "7.0.0"
        }
      },
      "prometheus-net.AspNetCore": {
        "type": "Transitive",
        "resolved": "8.2.1",
        "contentHash": "/4TfTvbwIDqpaKTiWvEsjUywiHYF9zZvGZF5sK15avoDsUO/WPQbKsF8TiMaesuphdFQPK2z52P0zk6j26V0rQ==",
        "dependencies": {
          "prometheus-net": "8.2.1"
        }
      },
      "QuestPDF": {
        "type": "Transitive",
        "resolved": "2026.8.0",
        "contentHash": "6c/YtDiZm8NgxnFdUDom+IWGVXKhiwBVJ3cvlyIXZYH7Wp0HaXWoR2XWj/RAsZfjpW7J5LMVc1EF6JnJFouoXQ=="
      },
      "Swashbuckle.AspNetCore": {
        "type": "Transitive",
        "resolved": "7.2.0",
        "contentHash": "vJv19UpWm6OOgnS9QLDnWARNVasXUfj8SFvlG7UVALm4nBnfwRnEky7C0veSDqMUmBeMPC6Ec3d6G1ts/J04Uw==",
        "dependencies": {
          "Microsoft.Extensions.ApiDescription.Server": "6.0.5",
          "Swashbuckle.AspNetCore.Swagger": "7.2.0",
          "Swashbuckle.AspNetCore.SwaggerGen": "7.2.0",
          "Swashbuckle.AspNetCore.SwaggerUI": "7.2.0"
        }
      },
      "Swashbuckle.AspNetCore.Swagger": {
        "type": "Transitive",
        "resolved": "7.2.0",
        "contentHash": "y27fNDfIh1vGhJjXYynLcZjl7DLOW1bSO2MDsY9wB4Zm1fdxpPsuBSiR4U+0acWlAqLmnuOPKr/OeOgwRUkBlw==",
        "dependencies": {
          "Microsoft.OpenApi": "1.6.22"
        }
      },
      "Swashbuckle.AspNetCore.SwaggerGen": {
        "type": "Transitive",
        "resolved": "7.2.0",
        "contentHash": "pMrTxGVuXM7t4wqft5CNNU8A0++Yw5kTLmYhB6tbEcyBfO8xEF/Y8pkJhO6BZ/2MYONrRYoQTfPFJqu8fOf5WQ==",
        "dependencies": {
          "Swashbuckle.AspNetCore.Swagger": "7.2.0"
        }
      },
      "Swashbuckle.AspNetCore.SwaggerUI": {
        "type": "Transitive",
        "resolved": "7.2.0",
        "contentHash": "hgrXeKzyp5OGN8qVvL7A+vhmU7mDJTfGpiMBRL66IcfLOyna8UTLtn3cC3CghamXpRDufcc9ciklTszUGEQK0w=="
      },
      "System.Configuration.ConfigurationManager": {
        "type": "Transitive",
        "resolved": "9.0.13",
        "contentHash": "GbBrJq9S/gYpHzm7Pxx6Y5tDyfSfyxW6tlP5oiKJV38uf19Wp+GIIAnWfyL1zmNiz1+EjwVapw2WkBFvvqKQzg==",
        "dependencies": {
          "System.Diagnostics.EventLog": "9.0.13",
          "System.Security.Cryptography.ProtectedData": "9.0.13"
        }
      },
      "System.Diagnostics.DiagnosticSource": {
        "type": "Transitive",
        "resolved": "10.0.11",
        "contentHash": "QoXcAdDhBudxorzYF1F5Uo7FY0CSWgmTjqVRJjcQaYAkbO3dCPXDJajJwyApTGHCJ+T5PfVyKZqXEKZ8PH+UWQ=="
      },
      "System.Diagnostics.EventLog": {
        "type": "Transitive",
        "resolved": "9.0.19",
        "contentHash": "ZLXV/uMNqLPm5n9fvX38wTX2rMIE8qp3Q5UHUgJvkvME22fgJaQase1fjWb8+jsZbaQv1jjPvJx6WiHh0u8W9A=="
      },
      "System.IdentityModel.Tokens.Jwt": {
        "type": "Transitive",
        "resolved": "8.22.0",
        "contentHash": "CpXGfNhLl6EgYaOC9XYsc1p7Ci9HtAy0soHJDSBNGse647al4tTq9RDr+LQsrF4Ls79Dx7VfzN34km0W4DWPow==",
        "dependencies": {
          "Microsoft.IdentityModel.JsonWebTokens": "8.22.0",
          "Microsoft.IdentityModel.Tokens": "8.22.0"
        }
      },
      "System.Reflection.Metadata": {
        "type": "Transitive",
        "resolved": "1.6.0",
        "contentHash": "COC1aiAJjCoA5GBF+QKL2uLqEBew4JsCkQmoHKbN3TlOZKa2fKLz5CpiRQKDz0RsAOEGsVKqOD5bomsXq/4STQ=="
      },
      "System.Security.Cryptography.Pkcs": {
        "type": "Transitive",
        "resolved": "9.0.13",
        "contentHash": "dxJhkuoaelvWy588wPXjShNks+ZMiSgXnN75/u+DPbER5PqKrLPDftE0BvGM7nDK/scQAVlD+gRXlCAAjWi58Q=="
      },
      "System.Security.Cryptography.ProtectedData": {
        "type": "Transitive",
        "resolved": "9.0.13",
        "contentHash": "t8S9IDpjJKsLpLkeBdW8cWtcPyYqrGu93Dej1RO6WwuL/lkFSqWlan3rMJfortqz1mRIh+sys2AFsSA6jWJ3Jg=="
      },
      "xunit.abstractions": {
        "type": "Transitive",
        "resolved": "2.0.3",
        "contentHash": "pot1I4YOxlWjIb5jmwvvQNbTrZ3lJQ+jUGkGjWE3hEFM0l5gOnBWS+H3qsex68s5cO52g+44vpGzhAt+42vwKg=="
      },
      "xunit.analyzers": {
        "type": "Transitive",
        "resolved": "1.16.0",
        "contentHash": "hptYM7vGr46GUIgZt21YHO4rfuBAQS2eINbFo16CV/Dqq+24Tp+P5gDCACu1AbFfW4Sp/WRfDPSK8fmUUb8s0Q=="
      },
      "xunit.assert": {
        "type": "Transitive",
        "resolved": "2.9.2",
        "contentHash": "QkNBAQG4pa66cholm28AxijBjrmki98/vsEh4Sx5iplzotvPgpiotcxqJQMRC8d7RV7nIT8ozh97957hDnZwsQ=="
      },
      "xunit.core": {
        "type": "Transitive",
        "resolved": "2.9.2",
        "contentHash": "O6RrNSdmZ0xgEn5kT927PNwog5vxTtKrWMihhhrT0Sg9jQ7iBDciYOwzBgP2krBEk5/GBXI18R1lKvmnxGcb4w==",
        "dependencies": {
          "xunit.extensibility.core": "[2.9.2]",
          "xunit.extensibility.execution": "[2.9.2]"
        }
      },
      "xunit.extensibility.core": {
        "type": "Transitive",
        "resolved": "2.9.2",
        "contentHash": "Ol+KlBJz1x8BrdnhN2DeOuLrr1I/cTwtHCggL9BvYqFuVd/TUSzxNT5O0NxCIXth30bsKxgMfdqLTcORtM52yQ==",
        "dependencies": {
          "xunit.abstractions": "2.0.3"
        }
      },
      "xunit.extensibility.execution": {
        "type": "Transitive",
        "resolved": "2.9.2",
        "contentHash": "rKMpq4GsIUIJibXuZoZ8lYp5EpROlnYaRpwu9Zr0sRZXE7JqJfEEbCsUriZqB+ByXCLFBJyjkTRULMdC+U566g==",
        "dependencies": {
          "xunit.extensibility.core": "[2.9.2]"
        }
      },
      "predictit.api": {
        "type": "Project",
        "dependencies": {
          "Microsoft.AspNetCore.Authentication.JwtBearer": "[9.0.19, )",
          "PredictIT.BLL": "[1.0.0, )",
          "PredictIT.Domain": "[1.0.0, )",
          "PredictIT.Service": "[1.0.0, )",
          "Swashbuckle.AspNetCore": "[7.2.0, )",
          "prometheus-net.AspNetCore": "[8.2.1, )"
        }
      },
      "predictit.bll": {
        "type": "Project",
        "dependencies": {
          "PredictIT.DAO": "[1.0.0, )",
          "PredictIT.Domain": "[1.0.0, )",
          "PredictIT.Service": "[1.0.0, )"
        }
      },
      "predictit.dao": {
        "type": "Project",
        "dependencies": {
          "Microsoft.Data.SqlClient": "[7.0.2, )",
          "PredictIT.Domain": "[1.0.0, )"
        }
      },
      "predictit.domain": {
        "type": "Project"
      },
      "predictit.service": {
        "type": "Project",
        "dependencies": {
          "Microsoft.Extensions.Configuration.Abstractions": "[10.0.11, )",
          "Microsoft.Extensions.Http": "[10.0.11, )",
          "Microsoft.Extensions.Logging.Abstractions": "[10.0.11, )",
          "Microsoft.Extensions.Options": "[10.0.11, )",
          "PredictIT.DAO": "[1.0.0, )",
          "PredictIT.Domain": "[1.0.0, )",
          "QuestPDF": "[2026.8.0, )",
          "System.IdentityModel.Tokens.Jwt": "[8.22.0, )"
        }
      }
    }
  }
}